
Microsoft Visual Studio Solution File, Format Version 12.00
# Visual Studio 14
VisualStudioVersion = 14.0.23107.0
MinimumVisualStudioVersion = 10.0.40219.1
Project("{FAE04EC0-301F-11D3-BF4B-00C04F79EFBC}") = "Highway1.Universal", "Highway1.Universal\Highway1.Universal.csproj", "{3C48000F-AA5C-4782-9782-08C5CA017991}"
EndProject
Project("{2150E333-8FDC-42A3-9474-1A3956D46DE8}") = "Libraries", "Libraries", "{9C8D22CA-752B-4DC4-BC89-2664316C3C95}"
	ProjectSection(SolutionItems) = preProject
		ContractsFix.targets = ContractsFix.targets
	EndProjectSection
EndProject
Project("{FAE04EC0-301F-11D3-BF4B-00C04F79EFBC}") = "Highway1.ChromeAppBuilder", "..\Highway1.ChromeAppBuilder\Highway1.ChromeAppBuilder\Highway1.ChromeAppBuilder.csproj", "{2F571432-FD48-4259-AFD7-74F74B690B1D}"
EndProject
Project("{FAE04EC0-301F-11D3-BF4B-00C04F79EFBC}") = "Highway1.Universal.UI", "Highway1.Universal.UI\Highway1.Universal.UI.csproj", "{A100A2BA-CA7F-41F5-835A-0F4015C089D9}"
EndProject
Project("{FAE04EC0-301F-11D3-BF4B-00C04F79EFBC}") = "App6", "..\App6\App6\App6.csproj", "{360EA061-BF44-4421-A63F-7A56DF571B89}"
EndProject
Global
	GlobalSection(SolutionConfigurationPlatforms) = preSolution
		Debug|Any CPU = Debug|Any CPU
		Debug|ARM = Debug|ARM
		Debug|x64 = Debug|x64
		Debug|x86 = Debug|x86
		Release|Any CPU = Release|Any CPU
		Release|ARM = Release|ARM
		Release|x64 = Release|x64
		Release|x86 = Release|x86
	EndGlobalSection
	GlobalSection(ProjectConfigurationPlatforms) = postSolution
		{3C48000F-AA5C-4782-9782-08C5CA017991}.Debug|Any CPU.ActiveCfg = Debug|Any CPU
		{3C48000F-AA5C-4782-9782-08C5CA017991}.Debug|Any CPU.Build.0 = Debug|Any CPU
		{3C48000F-AA5C-4782-9782-08C5CA017991}.Debug|ARM.ActiveCfg = Debug|ARM
		{3C48000F-AA5C-4782-9782-08C5CA017991}.Debug|ARM.Build.0 = Debug|ARM
		{3C48000F-AA5C-4782-9782-08C5CA017991}.Debug|x64.ActiveCfg = Debug|x64
		{3C48000F-AA5C-4782-9782-08C5CA017991}.Debug|x64.Build.0 = Debug|x64
		{3C48000F-AA5C-4782-9782-08C5CA017991}.Debug|x86.ActiveCfg = Debug|x86
		{3C48000F-AA5C-4782-9782-08C5CA017991}.Debug|x86.Build.0 = Debug|x86
		{3C48000F-AA5C-4782-9782-08C5CA017991}.Release|Any CPU.ActiveCfg = Release|Any CPU
		{3C48000F-AA5C-4782-9782-08C5CA017991}.Release|Any CPU.Build.0 = Release|Any CPU
		{3C48000F-AA5C-4782-9782-08C5CA017991}.Release|ARM.ActiveCfg = Release|ARM
		{3C48000F-AA5C-4782-9782-08C5CA017991}.Release|ARM.Build.0 = Release|ARM
		{3C48000F-AA5C-4782-9782-08C5CA017991}.Release|x64.ActiveCfg = Release|x64
		{3C48000F-AA5C-4782-9782-08C5CA017991}.Release|x64.Build.0 = Release|x64
		{3C48000F-AA5C-4782-9782-08C5CA017991}.Release|x86.ActiveCfg = Release|x86
		{3C48000F-AA5C-4782-9782-08C5CA017991}.Release|x86.Build.0 = Release|x86
		{2F571432-FD48-4259-AFD7-74F74B690B1D}.Debug|Any CPU.ActiveCfg = Debug|x86
		{2F571432-FD48-4259-AFD7-74F74B690B1D}.Debug|ARM.ActiveCfg = Debug|ARM
		{2F571432-FD48-4259-AFD7-74F74B690B1D}.Debug|ARM.Build.0 = Debug|ARM
		{2F571432-FD48-4259-AFD7-74F74B690B1D}.Debug|ARM.Deploy.0 = Debug|ARM
		{2F571432-FD48-4259-AFD7-74F74B690B1D}.Debug|x64.ActiveCfg = Debug|x64
		{2F571432-FD48-4259-AFD7-74F74B690B1D}.Debug|x64.Build.0 = Debug|x64
		{2F571432-FD48-4259-AFD7-74F74B690B1D}.Debug|x64.Deploy.0 = Debug|x64
		{2F571432-FD48-4259-AFD7-74F74B690B1D}.Debug|x86.ActiveCfg = Debug|x86
		{2F571432-FD48-4259-AFD7-74F74B690B1D}.Debug|x86.Build.0 = Debug|x86
		{2F571432-FD48-4259-AFD7-74F74B690B1D}.Debug|x86.Deploy.0 = Debug|x86
		{2F571432-FD48-4259-AFD7-74F74B690B1D}.Release|Any CPU.ActiveCfg = Release|x86
		{2F571432-FD48-4259-AFD7-74F74B690B1D}.Release|ARM.ActiveCfg = Release|ARM
		{2F571432-FD48-4259-AFD7-74F74B690B1D}.Release|ARM.Build.0 = Release|ARM
		{2F571432-FD48-4259-AFD7-74F74B690B1D}.Release|ARM.Deploy.0 = Release|ARM
		{2F571432-FD48-4259-AFD7-74F74B690B1D}.Release|x64.ActiveCfg = Release|x64
		{2F571432-FD48-4259-AFD7-74F74B690B1D}.Release|x64.Build.0 = Release|x64
		{2F571432-FD48-4259-AFD7-74F74B690B1D}.Release|x64.Deploy.0 = Release|x64
		{2F571432-FD48-4259-AFD7-74F74B690B1D}.Release|x86.ActiveCfg = Release|x86
		{2F571432-FD48-4259-AFD7-74F74B690B1D}.Release|x86.Build.0 = Release|x86
		{2F571432-FD48-4259-AFD7-74F74B690B1D}.Release|x86.Deploy.0 = Release|x86
		{A100A2BA-CA7F-41F5-835A-0F4015C089D9}.Debug|Any CPU.ActiveCfg = Debug|Any CPU
		{A100A2BA-CA7F-41F5-835A-0F4015C089D9}.Debug|Any CPU.Build.0 = Debug|Any CPU
		{A100A2BA-CA7F-41F5-835A-0F4015C089D9}.Debug|ARM.ActiveCfg = Debug|ARM
		{A100A2BA-CA7F-41F5-835A-0F4015C089D9}.Debug|ARM.Build.0 = Debug|ARM
		{A100A2BA-CA7F-41F5-835A-0F4015C089D9}.Debug|x64.ActiveCfg = Debug|x64
		{A100A2BA-CA7F-41F5-835A-0F4015C089D9}.Debug|x64.Build.0 = Debug|x64
		{A100A2BA-CA7F-41F5-835A-0F4015C089D9}.Debug|x86.ActiveCfg = Debug|x86
		{A100A2BA-CA7F-41F5-835A-0F4015C089D9}.Debug|x86.Build.0 = Debug|x86
		{A100A2BA-CA7F-41F5-835A-0F4015C089D9}.Release|Any CPU.ActiveCfg = Release|Any CPU
		{A100A2BA-CA7F-41F5-835A-0F4015C089D9}.Release|Any CPU.Build.0 = Release|Any CPU
		{A100A2BA-CA7F-41F5-835A-0F4015C089D9}.Release|ARM.ActiveCfg = Release|ARM
		{A100A2BA-CA7F-41F5-835A-0F4015C089D9}.Release|ARM.Build.0 = Release|ARM
		{A100A2BA-CA7F-41F5-835A-0F4015C089D9}.Release|x64.ActiveCfg = Release|x64
		{A100A2BA-CA7F-41F5-835A-0F4015C089D9}.Release|x64.Build.0 = Release|x64
		{A100A2BA-CA7F-41F5-835A-0F4015C089D9}.Release|x86.ActiveCfg = Release|x86
		{A100A2BA-CA7F-41F5-835A-0F4015C089D9}.Release|x86.Build.0 = Release|x86
		{360EA061-BF44-4421-A63F-7A56DF571B89}.Debug|Any CPU.ActiveCfg = Debug|x86
		{360EA061-BF44-4421-A63F-7A56DF571B89}.Debug|Any CPU.Deploy.0 = Debug|x86
		{360EA061-BF44-4421-A63F-7A56DF571B89}.Debug|ARM.ActiveCfg = Debug|ARM
		{360EA061-BF44-4421-A63F-7A56DF571B89}.Debug|ARM.Build.0 = Debug|ARM
		{360EA061-BF44-4421-A63F-7A56DF571B89}.Debug|ARM.Deploy.0 = Debug|ARM
		{360EA061-BF44-4421-A63F-7A56DF571B89}.Debug|x64.ActiveCfg = Debug|x64
		{360EA061-BF44-4421-A63F-7A56DF571B89}.Debug|x64.Build.0 = Debug|x64
		{360EA061-BF44-4421-A63F-7A56DF571B89}.Debug|x64.Deploy.0 = Debug|x64
		{360EA061-BF44-4421-A63F-7A56DF571B89}.Debug|x86.ActiveCfg = Debug|x86
		{360EA061-BF44-4421-A63F-7A56DF571B89}.Debug|x86.Build.0 = Debug|x86
		{360EA061-BF44-4421-A63F-7A56DF571B89}.Debug|x86.Deploy.0 = Debug|x86
		{360EA061-BF44-4421-A63F-7A56DF571B89}.Release|Any CPU.ActiveCfg = Release|x86
		{360EA061-BF44-4421-A63F-7A56DF571B89}.Release|Any CPU.Build.0 = Release|x86
		{360EA061-BF44-4421-A63F-7A56DF571B89}.Release|Any CPU.Deploy.0 = Release|x86
		{360EA061-BF44-4421-A63F-7A56DF571B89}.Release|ARM.ActiveCfg = Release|ARM
		{360EA061-BF44-4421-A63F-7A56DF571B89}.Release|ARM.Build.0 = Release|ARM
		{360EA061-BF44-4421-A63F-7A56DF571B89}.Release|ARM.Deploy.0 = Release|ARM
		{360EA061-BF44-4421-A63F-7A56DF571B89}.Release|x64.ActiveCfg = Release|x64
		{360EA061-BF44-4421-A63F-7A56DF571B89}.Release|x64.Build.0 = Release|x64
		{360EA061-BF44-4421-A63F-7A56DF571B89}.Release|x64.Deploy.0 = Release|x64
		{360EA061-BF44-4421-A63F-7A56DF571B89}.Release|x86.ActiveCfg = Release|x86
		{360EA061-BF44-4421-A63F-7A56DF571B89}.Release|x86.Build.0 = Release|x86
		{360EA061-BF44-4421-A63F-7A56DF571B89}.Release|x86.Deploy.0 = Release|x86
	EndGlobalSection
	GlobalSection(SolutionProperties) = preSolution
		HideSolutionNode = FALSE
	EndGlobalSection
EndGlobal
